// !$*UTF8*$!
{
	archiveVersion = 1;
	classes = {
	};
	objectVersion = 48;
	objects = {

/* Begin PBXBuildFile section */
		9457CBCA1FD8D5E500B3B67D /* AppDelegate.m in Sources */ = {isa = PBXBuildFile; fileRef = 9457CBC91FD8D5E500B3B67D /* AppDelegate.m */; };
		9457CBCD1FD8D5E500B3B67D /* ViewController.m in Sources */ = {isa = PBXBuildFile; fileRef = 9457CBCC1FD8D5E500B3B67D /* ViewController.m */; };
		9457CBD01FD8D5E500B3B67D /* Main.storyboard in Resources */ = {isa = PBXBuildFile; fileRef = 9457CBCE1FD8D5E500B3B67D /* Main.storyboard */; };
		9457CBD21FD8D5E500B3B67D /* Assets.xcassets in Resources */ = {isa = PBXBuildFile; fileRef = 9457CBD11FD8D5E500B3B67D /* Assets.xcassets */; };
		9457CBD51FD8D5E500B3B67D /* LaunchScreen.storyboard in Resources */ = {isa = PBXBuildFile; fileRef = 9457CBD31FD8D5E500B3B67D /* LaunchScreen.storyboard */; };
		9457CBD81FD8D5E500B3B67D /* main.m in Sources */ = {isa = PBXBuildFile; fileRef = 9457CBD71FD8D5E500B3B67D /* main.m */; };
		9457CBE31FD8D7DB00B3B67D /* TableViewSection.m in Sources */ = {isa = PBXBuildFile; fileRef = 9457CBE21FD8D7DB00B3B67D /* TableViewSection.m */; };
		9457CBE71FD8D84A00B3B67D /* DemoViewController.m in Sources */ = {isa = PBXBuildFile; fileRef = 9457CBE61FD8D84A00B3B67D /* DemoViewController.m */; };
		9457CBEA1FD8E26A00B3B67D /* DemoViewModel.m in Sources */ = {isa = PBXBuildFile; fileRef = 9457CBE91FD8E26A00B3B67D /* DemoViewModel.m */; };
		9457CBF31FD8E62200B3B67D /* FirstCell.m in Sources */ = {isa = PBXBuildFile; fileRef = 9457CBF11FD8E62200B3B67D /* FirstCell.m */; };
		9457CBF41FD8E62200B3B67D /* FirstCell.xib in Resources */ = {isa = PBXBuildFile; fileRef = 9457CBF21FD8E62200B3B67D /* FirstCell.xib */; };
		9457CBF71FD8E63600B3B67D /* BaseCellViewModel.m in Sources */ = {isa = PBXBuildFile; fileRef = 9457CBF61FD8E63600B3B67D /* BaseCellViewModel.m */; };
		9457CBFA1FD8E64600B3B67D /* FirstCellViewModel.m in Sources */ = {isa = PBXBuildFile; fileRef = 9457CBF91FD8E64600B3B67D /* FirstCellViewModel.m */; };
		9457CC091FD90EA100B3B67D /* NormalCell.m in Sources */ = {isa = PBXBuildFile; fileRef = 9457CC061FD90EA000B3B67D /* NormalCell.m */; };
		9457CC0A1FD90EA100B3B67D /* NormalCell.xib in Resources */ = {isa = PBXBuildFile; fileRef = 9457CC081FD90EA100B3B67D /* NormalCell.xib */; };
		9457CC0D1FD90EB900B3B67D /* NormalCellViewModel.m in Sources */ = {isa = PBXBuildFile; fileRef = 9457CC0C1FD90EB900B3B67D /* NormalCellViewModel.m */; };
		9457CC151FD913E500B3B67D /* AutoHeightCellViewModel.m in Sources */ = {isa = PBXBuildFile; fileRef = 9457CC141FD913E500B3B67D /* AutoHeightCellViewModel.m */; };
		9457CC191FD9178300B3B67D /* AutoHeightCell.m in Sources */ = {isa = PBXBuildFile; fileRef = 9457CC171FD9178300B3B67D /* AutoHeightCell.m */; };
		9457CC1A1FD9178300B3B67D /* AutoHeightCell.xib in Resources */ = {isa = PBXBuildFile; fileRef = 9457CC181FD9178300B3B67D /* AutoHeightCell.xib */; };
		9457CC1D1FD93D9800B3B67D /* YTTableView.m in Sources */ = {isa = PBXBuildFile; fileRef = 9457CC1C1FD93D9800B3B67D /* YTTableView.m */; };
		9457CC241FD94BC400B3B67D /* GapCellViewModel.m in Sources */ = {isa = PBXBuildFile; fileRef = 9457CC211FD94BC400B3B67D /* GapCellViewModel.m */; };
		9457CC251FD94BC400B3B67D /* GapCell.m in Sources */ = {isa = PBXBuildFile; fileRef = 9457CC231FD94BC400B3B67D /* GapCell.m */; };
		9457CC281FD94CA000B3B67D /* SectionFactory.m in Sources */ = {isa = PBXBuildFile; fileRef = 9457CC271FD94CA000B3B67D /* SectionFactory.m */; };
/* End PBXBuildFile section */

/* Begin PBXFileReference section */
		9457CBC51FD8D5E500B3B67D /* TableViewDemo.app */ = {isa = PBXFileReference; explicitFileType = wrapper.application; includeInIndex = 0; path = TableViewDemo.app; sourceTree = BUILT_PRODUCTS_DIR; };
		9457CBC81FD8D5E500B3B67D /* AppDelegate.h */ = {isa = PBXFileReference; lastKnownFileType = sourcecode.c.h; path = AppDelegate.h; sourceTree = "<group>"; };
		9457CBC91FD8D5E500B3B67D /* AppDelegate.m */ = {isa = PBXFileReference; lastKnownFileType = sourcecode.c.objc; path = AppDelegate.m; sourceTree = "<group>"; };
		9457CBCB1FD8D5E500B3B67D /* ViewController.h */ = {isa = PBXFileReference; lastKnownFileType = sourcecode.c.h; path = ViewController.h; sourceTree = "<group>"; };
		9457CBCC1FD8D5E500B3B67D /* ViewController.m */ = {isa = PBXFileReference; lastKnownFileType = sourcecode.c.objc; path = ViewController.m; sourceTree = "<group>"; };
		9457CBCF1FD8D5E500B3B67D /* Base */ = {isa = PBXFileReference; lastKnownFileType = file.storyboard; name = Base; path = Base.lproj/Main.storyboard; sourceTree = "<group>"; };
		9457CBD11FD8D5E500B3B67D /* Assets.xcassets */ = {isa = PBXFileReference; lastKnownFileType = folder.assetcatalog; path = Assets.xcassets; sourceTree = "<group>"; };
		9457CBD41FD8D5E500B3B67D /* Base */ = {isa = PBXFileReference; lastKnownFileType = file.storyboard; name = Base; path = Base.lproj/LaunchScreen.storyboard; sourceTree = "<group>"; };
		9457CBD61FD8D5E500B3B67D /* Info.plist */ = {isa = PBXFileReference; lastKnownFileType = text.plist.xml; path = Info.plist; sourceTree = "<group>"; };
		9457CBD71FD8D5E500B3B67D /* main.m */ = {isa = PBXFileReference; lastKnownFileType = sourcecode.c.objc; path = main.m; sourceTree = "<group>"; };
		9457CBDF1FD8D62600B3B67D /* YTCellProtocol.h */ = {isa = PBXFileReference; lastKnownFileType = sourcecode.c.h; path = YTCellProtocol.h; sourceTree = "<group>"; };
		9457CBE01FD8D66600B3B67D /* YTTableCellViewModelProtocol.h */ = {isa = PBXFileReference; lastKnownFileType = sourcecode.c.h; path = YTTableCellViewModelProtocol.h; sourceTree = "<group>"; };
		9457CBE11FD8D7DB00B3B67D /* TableViewSection.h */ = {isa = PBXFileReference; lastKnownFileType = sourcecode.c.h; path = TableViewSection.h; sourceTree = "<group>"; };
		9457CBE21FD8D7DB00B3B67D /* TableViewSection.m */ = {isa = PBXFileReference; lastKnownFileType = sourcecode.c.objc; path = TableViewSection.m; sourceTree = "<group>"; };
		9457CBE51FD8D84A00B3B67D /* DemoViewController.h */ = {isa = PBXFileReference; lastKnownFileType = sourcecode.c.h; path = DemoViewController.h; sourceTree = "<group>"; };
		9457CBE61FD8D84A00B3B67D /* DemoViewController.m */ = {isa = PBXFileReference; lastKnownFileType = sourcecode.c.objc; path = DemoViewController.m; sourceTree = "<group>"; };
		9457CBE81FD8E26A00B3B67D /* DemoViewModel.h */ = {isa = PBXFileReference; lastKnownFileType = sourcecode.c.h; path = DemoViewModel.h; sourceTree = "<group>"; };
		9457CBE91FD8E26A00B3B67D /* DemoViewModel.m */ = {isa = PBXFileReference; lastKnownFileType = sourcecode.c.objc; path = DemoViewModel.m; sourceTree = "<group>"; };
		9457CBF01FD8E62200B3B67D /* FirstCell.h */ = {isa = PBXFileReference; lastKnownFileType = sourcecode.c.h; path = FirstCell.h; sourceTree = "<group>"; };
		9457CBF11FD8E62200B3B67D /* FirstCell.m */ = {isa = PBXFileReference; lastKnownFileType = sourcecode.c.objc; path = FirstCell.m; sourceTree = "<group>"; };
		9457CBF21FD8E62200B3B67D /* FirstCell.xib */ = {isa = PBXFileReference; lastKnownFileType = file.xib; path = FirstCell.xib; sourceTree = "<group>"; };
		9457CBF51FD8E63600B3B67D /* BaseCellViewModel.h */ = {isa = PBXFileReference; lastKnownFileType = sourcecode.c.h; path = BaseCellViewModel.h; sourceTree = "<group>"; };
		9457CBF61FD8E63600B3B67D /* BaseCellViewModel.m */ = {isa = PBXFileReference; lastKnownFileType = sourcecode.c.objc; path = BaseCellViewModel.m; sourceTree = "<group>"; };
		9457CBF81FD8E64600B3B67D /* FirstCellViewModel.h */ = {isa = PBXFileReference; lastKnownFileType = sourcecode.c.h; path = FirstCellViewModel.h; sourceTree = "<group>"; };
		9457CBF91FD8E64600B3B67D /* FirstCellViewModel.m */ = {isa = PBXFileReference; lastKnownFileType = sourcecode.c.objc; path = FirstCellViewModel.m; sourceTree = "<group>"; };
		9457CC061FD90EA000B3B67D /* NormalCell.m */ = {isa = PBXFileReference; fileEncoding = 4; lastKnownFileType = sourcecode.c.objc; path = NormalCell.m; sourceTree = "<group>"; };
		9457CC071FD90EA100B3B67D /* NormalCell.h */ = {isa = PBXFileReference; fileEncoding = 4; lastKnownFileType = sourcecode.c.h; path = NormalCell.h; sourceTree = "<group>"; };
		9457CC081FD90EA100B3B67D /* NormalCell.xib */ = {isa = PBXFileReference; fileEncoding = 4; lastKnownFileType = file.xib; path = NormalCell.xib; sourceTree = "<group>"; };
		9457CC0B1FD90EB900B3B67D /* NormalCellViewModel.h */ = {isa = PBXFileReference; lastKnownFileType = sourcecode.c.h; path = NormalCellViewModel.h; sourceTree = "<group>"; };
		9457CC0C1FD90EB900B3B67D /* NormalCellViewModel.m */ = {isa = PBXFileReference; lastKnownFileType = sourcecode.c.objc; path = NormalCellViewModel.m; sourceTree = "<group>"; };
		9457CC131FD913E500B3B67D /* AutoHeightCellViewModel.h */ = {isa = PBXFileReference; lastKnownFileType = sourcecode.c.h; path = AutoHeightCellViewModel.h; sourceTree = "<group>"; };
		9457CC141FD913E500B3B67D /* AutoHeightCellViewModel.m */ = {isa = PBXFileReference; lastKnownFileType = sourcecode.c.objc; path = AutoHeightCellViewModel.m; sourceTree = "<group>"; };
		9457CC161FD9178200B3B67D /* AutoHeightCell.h */ = {isa = PBXFileReference; fileEncoding = 4; lastKnownFileType = sourcecode.c.h; path = AutoHeightCell.h; sourceTree = "<group>"; };
		9457CC171FD9178300B3B67D /* AutoHeightCell.m */ = {isa = PBXFileReference; fileEncoding = 4; lastKnownFileType = sourcecode.c.objc; path = AutoHeightCell.m; sourceTree = "<group>"; };
		9457CC181FD9178300B3B67D /* AutoHeightCell.xib */ = {isa = PBXFileReference; fileEncoding = 4; lastKnownFileType = file.xib; path = AutoHeightCell.xib; sourceTree = "<group>"; };
		9457CC1B1FD93D9800B3B67D /* YTTableView.h */ = {isa = PBXFileReference; lastKnownFileType = sourcecode.c.h; path = YTTableView.h; sourceTree = "<group>"; };
		9457CC1C1FD93D9800B3B67D /* YTTableView.m */ = {isa = PBXFileReference; lastKnownFileType = sourcecode.c.objc; path = YTTableView.m; sourceTree = "<group>"; };
		9457CC201FD94BC400B3B67D /* GapCellViewModel.h */ = {isa = PBXFileReference; fileEncoding = 4; lastKnownFileType = sourcecode.c.h; path = GapCellViewModel.h; sourceTree = "<group>"; };
		9457CC211FD94BC400B3B67D /* GapCellViewModel.m */ = {isa = PBXFileReference; fileEncoding = 4; lastKnownFileType = sourcecode.c.objc; path = GapCellViewModel.m; sourceTree = "<group>"; };
		9457CC221FD94BC400B3B67D /* GapCell.h */ = {isa = PBXFileReference; fileEncoding = 4; lastKnownFileType = sourcecode.c.h; path = GapCell.h; sourceTree = "<group>"; };
		9457CC231FD94BC400B3B67D /* GapCell.m */ = {isa = PBXFileReference; fileEncoding = 4; lastKnownFileType = sourcecode.c.objc; path = GapCell.m; sourceTree = "<group>"; };
		9457CC261FD94CA000B3B67D /* SectionFactory.h */ = {isa = PBXFileReference; lastKnownFileType = sourcecode.c.h; path = SectionFactory.h; sourceTree = "<group>"; };
		9457CC271FD94CA000B3B67D /* SectionFactory.m */ = {isa = PBXFileReference; lastKnownFileType = sourcecode.c.objc; path = SectionFactory.m; sourceTree = "<group>"; };
/* End PBXFileReference section */

/* Begin PBXFrameworksBuildPhase section */
		9457CBC21FD8D5E500B3B67D /* Frameworks */ = {
			isa = PBXFrameworksBuildPhase;
			buildActionMask = 2147483647;
			files = (
			);
			runOnlyForDeploymentPostprocessing = 0;
		};
/* End PBXFrameworksBuildPhase section */

/* Begin PBXGroup section */
		9457CBBC1FD8D5E500B3B67D = {
			isa = PBXGroup;
			children = (
				9457CBC71FD8D5E500B3B67D /* TableViewDemo */,
				9457CBC61FD8D5E500B3B67D /* Products */,
			);
			sourceTree = "<group>";
		};
		9457CBC61FD8D5E500B3B67D /* Products */ = {
			isa = PBXGroup;
			children = (
				9457CBC51FD8D5E500B3B67D /* TableViewDemo.app */,
			);
			name = Products;
			sourceTree = "<group>";
		};
		9457CBC71FD8D5E500B3B67D /* TableViewDemo */ = {
			isa = PBXGroup;
			children = (
				9457CBE41FD8D83500B3B67D /* Demo */,
				9457CBDE1FD8D61400B3B67D /* Classes */,
				9457CBC81FD8D5E500B3B67D /* AppDelegate.h */,
				9457CBC91FD8D5E500B3B67D /* AppDelegate.m */,
				9457CBCB1FD8D5E500B3B67D /* ViewController.h */,
				9457CBCC1FD8D5E500B3B67D /* ViewController.m */,
				9457CBCE1FD8D5E500B3B67D /* Main.storyboard */,
				9457CBD11FD8D5E500B3B67D /* Assets.xcassets */,
				9457CBD31FD8D5E500B3B67D /* LaunchScreen.storyboard */,
				9457CBD61FD8D5E500B3B67D /* Info.plist */,
				9457CBD71FD8D5E500B3B67D /* main.m */,
			);
			path = TableViewDemo;
			sourceTree = "<group>";
		};
		9457CBDE1FD8D61400B3B67D /* Classes */ = {
			isa = PBXGroup;
			children = (
				9457CC1E1FD94BC400B3B67D /* CommonCells */,
				9457CBDF1FD8D62600B3B67D /* YTCellProtocol.h */,
				9457CBE01FD8D66600B3B67D /* YTTableCellViewModelProtocol.h */,
				9457CBE11FD8D7DB00B3B67D /* TableViewSection.h */,
				9457CBE21FD8D7DB00B3B67D /* TableViewSection.m */,
				9457CC1B1FD93D9800B3B67D /* YTTableView.h */,
				9457CC1C1FD93D9800B3B67D /* YTTableView.m */,
			);
			path = Classes;
			sourceTree = "<group>";
		};
		9457CBE41FD8D83500B3B67D /* Demo */ = {
			isa = PBXGroup;
			children = (
				9457CBEB1FD8E5B600B3B67D /* Cell */,
				9457CBE51FD8D84A00B3B67D /* DemoViewController.h */,
				9457CBE61FD8D84A00B3B67D /* DemoViewController.m */,
				9457CBE81FD8E26A00B3B67D /* DemoViewModel.h */,
				9457CBE91FD8E26A00B3B67D /* DemoViewModel.m */,
			);
			path = Demo;
			sourceTree = "<group>";
		};
		9457CBEB1FD8E5B600B3B67D /* Cell */ = {
			isa = PBXGroup;
			children = (
				9457CC161FD9178200B3B67D /* AutoHeightCell.h */,
				9457CC171FD9178300B3B67D /* AutoHeightCell.m */,
				9457CC181FD9178300B3B67D /* AutoHeightCell.xib */,
				9457CC071FD90EA100B3B67D /* NormalCell.h */,
				9457CC061FD90EA000B3B67D /* NormalCell.m */,
				9457CC081FD90EA100B3B67D /* NormalCell.xib */,
				9457CBEC1FD8E5B600B3B67D /* CellViewModel */,
				9457CBF01FD8E62200B3B67D /* FirstCell.h */,
				9457CBF11FD8E62200B3B67D /* FirstCell.m */,
				9457CBF21FD8E62200B3B67D /* FirstCell.xib */,
			);
			path = Cell;
			sourceTree = "<group>";
		};
		9457CBEC1FD8E5B600B3B67D /* CellViewModel */ = {
			isa = PBXGroup;
			children = (
				9457CBF51FD8E63600B3B67D /* BaseCellViewModel.h */,
				9457CBF61FD8E63600B3B67D /* BaseCellViewModel.m */,
				9457CBF81FD8E64600B3B67D /* FirstCellViewModel.h */,
				9457CBF91FD8E64600B3B67D /* FirstCellViewModel.m */,
				9457CC0B1FD90EB900B3B67D /* NormalCellViewModel.h */,
				9457CC0C1FD90EB900B3B67D /* NormalCellViewModel.m */,
				9457CC131FD913E500B3B67D /* AutoHeightCellViewModel.h */,
				9457CC141FD913E500B3B67D /* AutoHeightCellViewModel.m */,
			);
			path = CellViewModel;
			sourceTree = "<group>";
		};
		9457CC1E1FD94BC400B3B67D /* CommonCells */ = {
			isa = PBXGroup;
			children = (
				9457CC1F1FD94BC400B3B67D /* CellViewModels */,
				9457CC221FD94BC400B3B67D /* GapCell.h */,
				9457CC231FD94BC400B3B67D /* GapCell.m */,
				9457CC261FD94CA000B3B67D /* SectionFactory.h */,
				9457CC271FD94CA000B3B67D /* SectionFactory.m */,
			);
			path = CommonCells;
			sourceTree = "<group>";
		};
		9457CC1F1FD94BC400B3B67D /* CellViewModels */ = {
			isa = PBXGroup;
			children = (
				9457CC201FD94BC400B3B67D /* GapCellViewModel.h */,
				9457CC211FD94BC400B3B67D /* GapCellViewModel.m */,
			);
			path = CellViewModels;
			sourceTree = "<group>";
		};
/* End PBXGroup section */

/* Begin PBXNativeTarget section */
		9457CBC41FD8D5E500B3B67D /* TableViewDemo */ = {
			isa = PBXNativeTarget;
			buildConfigurationList = 9457CBDB1FD8D5E500B3B67D /* Build configuration list for PBXNativeTarget "TableViewDemo" */;
			buildPhases = (
				9457CBC11FD8D5E500B3B67D /* Sources */,
				9457CBC21FD8D5E500B3B67D /* Frameworks */,
				9457CBC31FD8D5E500B3B67D /* Resources */,
			);
			buildRules = (
			);
			dependencies = (
			);
			name = TableViewDemo;
			productName = TableViewDemo;
			productReference = 9457CBC51FD8D5E500B3B67D /* TableViewDemo.app */;
			productType = "com.apple.product-type.application";
		};
/* End PBXNativeTarget section */

/* Begin PBXProject section */
		9457CBBD1FD8D5E500B3B67D /* Project object */ = {
			isa = PBXProject;
			attributes = {
				LastUpgradeCheck = 0920;
				ORGANIZATIONNAME = Brant;
				TargetAttributes = {
					9457CBC41FD8D5E500B3B67D = {
						CreatedOnToolsVersion = 9.2;
						ProvisioningStyle = Automatic;
					};
				};
			};
			buildConfigurationList = 9457CBC01FD8D5E500B3B67D /* Build configuration list for PBXProject "TableViewDemo" */;
			compatibilityVersion = "Xcode 8.0";
			developmentRegion = en;
			hasScannedForEncodings = 0;
			knownRegions = (
				en,
				Base,
			);
			mainGroup = 9457CBBC1FD8D5E500B3B67D;
			productRefGroup = 9457CBC61FD8D5E500B3B67D /* Products */;
			projectDirPath = "";
			projectRoot = "";
			targets = (
				9457CBC41FD8D5E500B3B67D /* TableViewDemo */,
			);
		};
/* End PBXProject section */

/* Begin PBXResourcesBuildPhase section */
		9457CBC31FD8D5E500B3B67D /* Resources */ = {
			isa = PBXResourcesBuildPhase;
			buildActionMask = 2147483647;
			files = (
				9457CBD51FD8D5E500B3B67D /* LaunchScreen.storyboard in Resources */,
				9457CBD21FD8D5E500B3B67D /* Assets.xcassets in Resources */,
				9457CBF41FD8E62200B3B67D /* FirstCell.xib in Resources */,
				9457CC1A1FD9178300B3B67D /* AutoHeightCell.xib in Resources */,
				9457CBD01FD8D5E500B3B67D /* Main.storyboard in Resources */,
				9457CC0A1FD90EA100B3B67D /* NormalCell.xib in Resources */,
			);
			runOnlyForDeploymentPostprocessing = 0;
		};
/* End PBXResourcesBuildPhase section */

/* Begin PBXSourcesBuildPhase section */
		9457CBC11FD8D5E500B3B67D /* Sources */ = {
			isa = PBXSourcesBuildPhase;
			buildActionMask = 2147483647;
			files = (
				9457CC151FD913E500B3B67D /* AutoHeightCellViewModel.m in Sources */,
				9457CC091FD90EA100B3B67D /* NormalCell.m in Sources */,
				9457CC0D1FD90EB900B3B67D /* NormalCellViewModel.m in Sources */,
				9457CBFA1FD8E64600B3B67D /* FirstCellViewModel.m in Sources */,
				9457CC241FD94BC400B3B67D /* GapCellViewModel.m in Sources */,
				9457CBCD1FD8D5E500B3B67D /* ViewController.m in Sources */,
				9457CBE31FD8D7DB00B3B67D /* TableViewSection.m in Sources */,
				9457CBD81FD8D5E500B3B67D /* main.m in Sources */,
				9457CBE71FD8D84A00B3B67D /* DemoViewController.m in Sources */,
				9457CC1D1FD93D9800B3B67D /* YTTableView.m in Sources */,
				9457CBCA1FD8D5E500B3B67D /* AppDelegate.m in Sources */,
				9457CBF71FD8E63600B3B67D /* BaseCellViewModel.m in Sources */,
				9457CC251FD94BC400B3B67D /* GapCell.m in Sources */,
				9457CC281FD94CA000B3B67D /* SectionFactory.m in Sources */,
				9457CBF31FD8E62200B3B67D /* FirstCell.m in Sources */,
				9457CC191FD9178300B3B67D /* AutoHeightCell.m in Sources */,
				9457CBEA1FD8E26A00B3B67D /* DemoViewModel.m in Sources */,
			);
			runOnlyForDeploymentPostprocessing = 0;
		};
/* End PBXSourcesBuildPhase section */

/* Begin PBXVariantGroup section */
		9457CBCE1FD8D5E500B3B67D /* Main.storyboard */ = {
			isa = PBXVariantGroup;
			children = (
				9457CBCF1FD8D5E500B3B67D /* Base */,
			);
			name = Main.storyboard;
			sourceTree = "<group>";
		};
		9457CBD31FD8D5E500B3B67D /* LaunchScreen.storyboard */ = {
			isa = PBXVariantGroup;
			children = (
				9457CBD41FD8D5E500B3B67D /* Base */,
			);
			name = LaunchScreen.storyboard;
			sourceTree = "<group>";
		};
/* End PBXVariantGroup section */

/* Begin XCBuildConfiguration section */
		9457CBD91FD8D5E500B3B67D /* Debug */ = {
			isa = XCBuildConfiguration;
			buildSettings = {
				ALWAYS_SEARCH_USER_PATHS = NO;
				CLANG_ANALYZER_NONNULL = YES;
				CLANG_ANALYZER_NUMBER_OBJECT_CONVERSION = YES_AGGRESSIVE;
				CLANG_CXX_LANGUAGE_STANDARD = "gnu++14";
				CLANG_CXX_LIBRARY = "libc++";
				CLANG_ENABLE_MODULES = YES;
				CLANG_ENABLE_OBJC_ARC = YES;
				CLANG_WARN_BLOCK_CAPTURE_AUTORELEASING = YES;
				CLANG_WARN_BOOL_CONVERSION = YES;
				CLANG_WARN_COMMA = YES;
				CLANG_WARN_CONSTANT_CONVERSION = YES;
				CLANG_WARN_DIRECT_OBJC_ISA_USAGE = YES_ERROR;
				CLANG_WARN_DOCUMENTATION_COMMENTS = YES;
				CLANG_WARN_EMPTY_BODY = YES;
				CLANG_WARN_ENUM_CONVERSION = YES;
				CLANG_WARN_INFINITE_RECURSION = YES;
				CLANG_WARN_INT_CONVERSION = YES;
				CLANG_WARN_NON_LITERAL_NULL_CONVERSION = YES;
				CLANG_WARN_OBJC_LITERAL_CONVERSION = YES;
				CLANG_WARN_OBJC_ROOT_CLASS = YES_ERROR;
				CLANG_WARN_RANGE_LOOP_ANALYSIS = YES;
				CLANG_WARN_STRICT_PROTOTYPES = YES;
				CLANG_WARN_SUSPICIOUS_MOVE = YES;
				CLANG_WARN_UNGUARDED_AVAILABILITY = YES_AGGRESSIVE;
				CLANG_WARN_UNREACHABLE_CODE = YES;
				CLANG_WARN__DUPLICATE_METHOD_MATCH = YES;
				CODE_SIGN_IDENTITY = "iPhone Developer";
				COPY_PHASE_STRIP = NO;
				DEBUG_INFORMATION_FORMAT = dwarf;
				ENABLE_STRICT_OBJC_MSGSEND = YES;
				ENABLE_TESTABILITY = YES;
				GCC_C_LANGUAGE_STANDARD = gnu11;
				GCC_DYNAMIC_NO_PIC = NO;
				GCC_NO_COMMON_BLOCKS = YES;
				GCC_OPTIMIZATION_LEVEL = 0;
				GCC_PREPROCESSOR_DEFINITIONS = (
					"DEBUG=1",
					"$(inherited)",
				);
				GCC_WARN_64_TO_32_BIT_CONVERSION = YES;
				GCC_WARN_ABOUT_RETURN_TYPE = YES_ERROR;
				GCC_WARN_UNDECLARED_SELECTOR = YES;
				GCC_WARN_UNINITIALIZED_AUTOS = YES_AGGRESSIVE;
				GCC_WARN_UNUSED_FUNCTION = YES;
				GCC_WARN_UNUSED_VARIABLE = YES;
				IPHONEOS_DEPLOYMENT_TARGET = 9.0;
				MTL_ENABLE_DEBUG_INFO = YES;
				ONLY_ACTIVE_ARCH = YES;
				SDKROOT = iphoneos;
			};
			name = Debug;
		};
		9457CBDA1FD8D5E500B3B67D /* Release */ = {
			isa = XCBuildConfiguration;
			buildSettings = {
				ALWAYS_SEARCH_USER_PATHS = NO;
				CLANG_ANALYZER_NONNULL = YES;
				CLANG_ANALYZER_NUMBER_OBJECT_CONVERSION = YES_AGGRESSIVE;
				CLANG_CXX_LANGUAGE_STANDARD = "gnu++14";
				CLANG_CXX_LIBRARY = "libc++";
				CLANG_ENABLE_MODULES = YES;
				CLANG_ENABLE_OBJC_ARC = YES;
				CLANG_WARN_BLOCK_CAPTURE_AUTORELEASING = YES;
				CLANG_WARN_BOOL_CONVERSION = YES;
				CLANG_WARN_COMMA = YES;
				CLANG_WARN_CONSTANT_CONVERSION = YES;
				CLANG_WARN_DIRECT_OBJC_ISA_USAGE = YES_ERROR;
				CLANG_WARN_DOCUMENTATION_COMMENTS = YES;
				CLANG_WARN_EMPTY_BODY = YES;
				CLANG_WARN_ENUM_CONVERSION = YES;
				CLANG_WARN_INFINITE_RECURSION = YES;
				CLANG_WARN_INT_CONVERSION = YES;
				CLANG_WARN_NON_LITERAL_NULL_CONVERSION = YES;
				CLANG_WARN_OBJC_LITERAL_CONVERSION = YES;
				CLANG_WARN_OBJC_ROOT_CLASS = YES_ERROR;
				CLANG_WARN_RANGE_LOOP_ANALYSIS = YES;
				CLANG_WARN_STRICT_PROTOTYPES = YES;
				CLANG_WARN_SUSPICIOUS_MOVE = YES;
				CLANG_WARN_UNGUARDED_AVAILABILITY = YES_AGGRESSIVE;
				CLANG_WARN_UNREACHABLE_CODE = YES;
				CLANG_WARN__DUPLICATE_METHOD_MATCH = YES;
				CODE_SIGN_IDENTITY = "iPhone Developer";
				COPY_PHASE_STRIP = NO;
				DEBUG_INFORMATION_FORMAT = "dwarf-with-dsym";
				ENABLE_NS_ASSERTIONS = NO;
				ENABLE_STRICT_OBJC_MSGSEND = YES;
				GCC_C_LANGUAGE_STANDARD = gnu11;
				GCC_NO_COMMON_BLOCKS = YES;
				GCC_WARN_64_TO_32_BIT_CONVERSION = YES;
				GCC_WARN_ABOUT_RETURN_TYPE = YES_ERROR;
				GCC_WARN_UNDECLARED_SELECTOR = YES;
				GCC_WARN_UNINITIALIZED_AUTOS = YES_AGGRESSIVE;
				GCC_WARN_UNUSED_FUNCTION = YES;
				GCC_WARN_UNUSED_VARIABLE = YES;
				IPHONEOS_DEPLOYMENT_TARGET = 9.0;
				MTL_ENABLE_DEBUG_INFO = NO;
				SDKROOT = iphoneos;
				VALIDATE_PRODUCT = YES;
			};
			name = Release;
		};
		9457CBDC1FD8D5E500B3B67D /* Debug */ = {
			isa = XCBuildConfiguration;
			buildSettings = {
				ASSETCATALOG_COMPILER_APPICON_NAME = AppIcon;
				CODE_SIGN_STYLE = Automatic;
				DEVELOPMENT_TEAM = LWHVHZ3462;
				INFOPLIST_FILE = TableViewDemo/Info.plist;
				LD_RUNPATH_SEARCH_PATHS = "$(inherited) @executable_path/Frameworks";
				PRODUCT_BUNDLE_IDENTIFIER = com.brant.TableViewDemo;
				PRODUCT_NAME = "$(TARGET_NAME)";
				TARGETED_DEVICE_FAMILY = "1,2";
			};
			name = Debug;
		};
		9457CBDD1FD8D5E500B3B67D /* Release */ = {
			isa = XCBuildConfiguration;
			buildSettings = {
				ASSETCATALOG_COMPILER_APPICON_NAME = AppIcon;
				CODE_SIGN_STYLE = Automatic;
				DEVELOPMENT_TEAM = LWHVHZ3462;
				INFOPLIST_FILE = TableViewDemo/Info.plist;
				LD_RUNPATH_SEARCH_PATHS = "$(inherited) @executable_path/Frameworks";
				PRODUCT_BUNDLE_IDENTIFIER = com.brant.TableViewDemo;
				PRODUCT_NAME = "$(TARGET_NAME)";
				TARGETED_DEVICE_FAMILY = "1,2";
			};
			name = Release;
		};
/* End XCBuildConfiguration section */

/* Begin XCConfigurationList section */
		9457CBC01FD8D5E500B3B67D /* Build configuration list for PBXProject "TableViewDemo" */ = {
			isa = XCConfigurationList;
			buildConfigurations = (
				9457CBD91FD8D5E500B3B67D /* Debug */,
				9457CBDA1FD8D5E500B3B67D /* Release */,
			);
			defaultConfigurationIsVisible = 0;
			defaultConfigurationName = Release;
		};
		9457CBDB1FD8D5E500B3B67D /* Build configuration list for PBXNativeTarget "TableViewDemo" */ = {
			isa = XCConfigurationList;
			buildConfigurations = (
				9457CBDC1FD8D5E500B3B67D /* Debug */,
				9457CBDD1FD8D5E500B3B67D /* Release */,
			);
			defaultConfigurationIsVisible = 0;
			defaultConfigurationName = Release;
		};
/* End XCConfigurationList section */
	};
	rootObject = 9457CBBD1FD8D5E500B3B67D /* Project object */;
}
